# This file is autogenerated, do not edit; changes may be undone by the next 'dep ensure'.


[[projects]]
  digest = "1:521af582814888f02988ac3a8f258577b651f3a6283ebd3a9adacc6419599cdf"
  name = "github.com/aws/aws-lambda-go"
  packages = [
    "events",
    "lambda",
    "lambda/handlertrace",
    "lambda/messages",
    "lambdacontext",
  ]
  pruneopts = ""
  revision = "c67fadea00272ce2b8227d4ca900da882b290694"
  version = "v1.17.0"

[[projects]]
  digest = "1:bc1620e5da7b137ec9b19834fedd16ad491c68c29fa2bf075b0eeec9c447556d"
  name = "github.com/konsorten/go-windows-terminal-sequences"
  packages = ["."]
  pruneopts = ""
  revision = "edb144dfd453055e1e49a3d8b410a660b5a87613"
  version = "v1.0.3"

[[projects]]
  digest = "1:f1ce6edca10c753e86727ef53ee19c4e83969d259a8dd9eb453bc3e3002d82d5"
  name = "github.com/sirupsen/logrus"
  packages = ["."]
  pruneopts = ""
  revision = "60c74ad9be0d874af0ab0daef6ab07c5c5911f0d"
  version = "v1.6.0"

[[projects]]
  branch = "master"
  digest = "1:2f13557a4f38b156fad66bda9a10ef513935b8f94d1a2830548d671c40cb6c3e"
  name = "golang.org/x/sys"
  packages = [
    "internal/unsafeheader",
    "unix",
  ]
  pruneopts = ""
  revision = "f1bc736245b146b19d485cdbc534f9a765257080"

[solve-meta]
  analyzer-name = "dep"
  analyzer-version = 1
  input-imports = [
    "github.com/aws/aws-lambda-go/events",
    "github.com/aws/aws-lambda-go/lambda",
    "github.com/sirupsen/logrus",
  ]
  solver-name = "gps-cdcl"
  solver-version = 1
